
Microsoft Visual Studio Solution File, Format Version 12.00
# Visual Studio Version 17
VisualStudioVersion = 17.8.34525.116
MinimumVisualStudioVersion = 10.0.40219.1
Project("{9A19103F-16F7-4668-BE54-9A1E7A4F7556}") = "Entities", "Entities\Entities.csproj", "{DB301E82-0A78-413E-B3A1-C97E5846B3C0}"
EndProject
Project("{9A19103F-16F7-4668-BE54-9A1E7A4F7556}") = "Business", "Business\Business.csproj", "{462A00DC-AF71-456F-822D-BE17CF6C393F}"
EndProject
Project("{9A19103F-16F7-4668-BE54-9A1E7A4F7556}") = "DataAccess", "DataAccess\DataAccess.csproj", "{0B2DF1CF-55D1-4639-BE99-84F3867D4D41}"
EndProject
Project("{9A19103F-16F7-4668-BE54-9A1E7A4F7556}") = "ConsoleUI", "ConsoleUI\ConsoleUI.csproj", "{6C992EDC-0F7F-4DE7-BA09-079CEC86CCA0}"
EndProject
Project("{9A19103F-16F7-4668-BE54-9A1E7A4F7556}") = "Core", "Core\Core.csproj", "{24A18038-CD9A-4E24-90C4-2DD2108BA82D}"
EndProject
Project("{FAE04EC0-301F-11D3-BF4B-00C04F79EFBC}") = "WebAPI", "WebAPI\WebAPI.csproj", "{B4ECF2F3-FF19-44CD-96C4-1BF6909D00E9}"
EndProject
Global
	GlobalSection(SolutionConfigurationPlatforms) = preSolution
		Debug|Any CPU = Debug|Any CPU
		Release|Any CPU = Release|Any CPU
	EndGlobalSection
	GlobalSection(ProjectConfigurationPlatforms) = postSolution
		{DB301E82-0A78-413E-B3A1-C97E5846B3C0}.Debug|Any CPU.ActiveCfg = Debug|Any CPU
		{DB301E82-0A78-413E-B3A1-C97E5846B3C0}.Debug|Any CPU.Build.0 = Debug|Any CPU
		{DB301E82-0A78-413E-B3A1-C97E5846B3C0}.Release|Any CPU.ActiveCfg = Release|Any CPU
		{DB301E82-0A78-413E-B3A1-C97E5846B3C0}.Release|Any CPU.Build.0 = Release|Any CPU
		{462A00DC-AF71-456F-822D-BE17CF6C393F}.Debug|Any CPU.ActiveCfg = Debug|Any CPU
		{462A00DC-AF71-456F-822D-BE17CF6C393F}.Debug|Any CPU.Build.0 = Debug|Any CPU
		{462A00DC-AF71-456F-822D-BE17CF6C393F}.Release|Any CPU.ActiveCfg = Release|Any CPU
		{462A00DC-AF71-456F-822D-BE17CF6C393F}.Release|Any CPU.Build.0 = Release|Any CPU
		{0B2DF1CF-55D1-4639-BE99-84F3867D4D41}.Debug|Any CPU.ActiveCfg = Debug|Any CPU
		{0B2DF1CF-55D1-4639-BE99-84F3867D4D41}.Debug|Any CPU.Build.0 = Debug|Any CPU
		{0B2DF1CF-55D1-4639-BE99-84F3867D4D41}.Release|Any CPU.ActiveCfg = Release|Any CPU
		{0B2DF1CF-55D1-4639-BE99-84F3867D4D41}.Release|Any CPU.Build.0 = Release|Any CPU
		{6C992EDC-0F7F-4DE7-BA09-079CEC86CCA0}.Debug|Any CPU.ActiveCfg = Debug|Any CPU
		{6C992EDC-0F7F-4DE7-BA09-079CEC86CCA0}.Debug|Any CPU.Build.0 = Debug|Any CPU
		{6C992EDC-0F7F-4DE7-BA09-079CEC86CCA0}.Release|Any CPU.ActiveCfg = Release|Any CPU
		{6C992EDC-0F7F-4DE7-BA09-079CEC86CCA0}.Release|Any CPU.Build.0 = Release|Any CPU
		{24A18038-CD9A-4E24-90C4-2DD2108BA82D}.Debug|Any CPU.ActiveCfg = Debug|Any CPU
		{24A18038-CD9A-4E24-90C4-2DD2108BA82D}.Debug|Any CPU.Build.0 = Debug|Any CPU
		{24A18038-CD9A-4E24-90C4-2DD2108BA82D}.Release|Any CPU.ActiveCfg = Release|Any CPU
		{24A18038-CD9A-4E24-90C4-2DD2108BA82D}.Release|Any CPU.Build.0 = Release|Any CPU
		{B4ECF2F3-FF19-44CD-96C4-1BF6909D00E9}.Debug|Any CPU.ActiveCfg = Debug|Any CPU
		{B4ECF2F3-FF19-44CD-96C4-1BF6909D00E9}.Debug|Any CPU.Build.0 = Debug|Any CPU
		{B4ECF2F3-FF19-44CD-96C4-1BF6909D00E9}.Release|Any CPU.ActiveCfg = Release|Any CPU
		{B4ECF2F3-FF19-44CD-96C4-1BF6909D00E9}.Release|Any CPU.Build.0 = Release|Any CPU
	EndGlobalSection
	GlobalSection(SolutionProperties) = preSolution
		HideSolutionNode = FALSE
	EndGlobalSection
	GlobalSection(ExtensibilityGlobals) = postSolution
		SolutionGuid = {9D0D3284-DA78-4822-8B51-310757DE8A63}
	EndGlobalSection
EndGlobal
